# THIS IS AN AUTOGENERATED FILE. DO NOT EDIT THIS FILE DIRECTLY.
# yarn lockfile v1


"@pixi/accessibility@6.3.2":
  version "6.3.2"
  resolved "https://registry.yarnpkg.com/@pixi/accessibility/-/accessibility-6.3.2.tgz#b05dfe12f4bb8fdf354cfb3ec092cb3e08691b6f"
  integrity sha512-JLDuSGITGEOmR7s0d1Wxj7a3yIp4hP6w2h6ku6iu3clE/bmVtnvhqMX1D1lhjRW/uWUfpVT4U+8CG+LgSsEZ1g==

"@pixi/app@6.3.2":
  version "6.3.2"
  resolved "https://registry.yarnpkg.com/@pixi/app/-/app-6.3.2.tgz#d38ae282a7305037df173347eed0448cb0296a7a"
  integrity sha512-V1jnhL92OPiquXtLxUeSZiVDd1mtjRnYpBKA958w29MrIRBx3Y6dgnvsaFZGGWBvSL//WRYV23iZKVL/jRGmmQ==

"@pixi/compressed-textures@6.3.2":
  version "6.3.2"
  resolved "https://registry.yarnpkg.com/@pixi/compressed-textures/-/compressed-textures-6.3.2.tgz#777f86146f141db0849032c429024377119c0fbc"
  integrity sha512-E/T9WsWcTstnCaDo3GQZUsvX2bE1tZwJ+rUVQ6ad+9MLI6mpUKJFUy5XXlnZw0uiKU5Hipi1ASPQ8/EQ7kKebA==

"@pixi/constants@6.3.2":
  version "6.3.2"
  resolved "https://registry.yarnpkg.com/@pixi/constants/-/constants-6.3.2.tgz#14e0bcda71e3cc248ac8e6436dd61b29a1becd76"
  integrity sha512-sUE8QEJNl4vWUybS0YqpVUBWoOyLkr5bSj1+3mpmbWJTMVmLB2voFXo7XpSNCBlLH1SBN5flcgJlUWOCgNyATg==

"@pixi/core@6.3.2":
  version "6.3.2"
  resolved "https://registry.yarnpkg.com/@pixi/core/-/core-6.3.2.tgz#5158d2c71483e5159840736da02519c7d8d93376"
  integrity sha512-91Fw0CbFpPtMKo5TG1wdaZGgR99lX87l15F7kgge7FM7ZR4EghLiJHU8whQ19f/UNOd8AG7mHD84lUB1VXXfoA==
  dependencies:
    "@types/offscreencanvas" "^2019.6.4"

"@pixi/display@6.3.2":
  version "6.3.2"
  resolved "https://registry.yarnpkg.com/@pixi/display/-/display-6.3.2.tgz#675411567b3f92c6906498cbfea44a3d427323eb"
  integrity sha512-D+WiM0BcyPK91RYxl7TXXVNz/5lOGs8Q6jtCMcWgTHwCXxWPOHFnNZ4KPJZpUQ7me8Tl2u+c9hfB5Oh1+17r/Q==

"@pixi/extract@6.3.2":
  version "6.3.2"
  resolved "https://registry.yarnpkg.com/@pixi/extract/-/extract-6.3.2.tgz#865852289183a80b01bb6b8b74d3d4a15d601261"
  integrity sha512-9DT3EG5dE/+HlSsbWLZ28/+YwGzHwgOPIMLB8AHxDsWYKzDg+SDK53IUE2UIeEiV8AFHwaDT2K+/qPFUUcS0Bw==

"@pixi/filter-alpha@6.3.2":
  version "6.3.2"
  resolved "https://registry.yarnpkg.com/@pixi/filter-alpha/-/filter-alpha-6.3.2.tgz#4f728e5b5d39dbdf947ed200afcf71709fcc19ee"
  integrity sha512-EhFnGuzUnQ94tosInBlMEOtiDtTAm4ZbWtoSYrH3GP7WORCQB5asWTFsOZv/QxwEbloRbxsDOATVIwS5ZcgNOg==

"@pixi/filter-blur@6.3.2":
  version "6.3.2"
  resolved "https://registry.yarnpkg.com/@pixi/filter-blur/-/filter-blur-6.3.2.tgz#beb9c03f1834aa4c5b869141e4ca00d50c56577b"
  integrity sha512-408Z/Rc2LJRg8AaBfzStAph18G0pT3LdLowdTOqPI2s007jgT7wLr9CyWdRe6DdSmPikgnn50R3QG9YeOPWONw==

"@pixi/filter-color-matrix@6.3.2":
  version "6.3.2"
  resolved "https://registry.yarnpkg.com/@pixi/filter-color-matrix/-/filter-color-matrix-6.3.2.tgz#bf28bd3964b5169ff7c15934c240b26e962e36d0"
  integrity sha512-PRrQWRRUJ3qDqHhqYNcZ8H3tjXyFbIoUGdTOgB1uCNBHmzJ7Cirhs4lWYBBTvtduboUSGvLMpkv0sgFwodPw4Q==

"@pixi/filter-displacement@6.3.2":
  version "6.3.2"
  resolved "https://registry.yarnpkg.com/@pixi/filter-displacement/-/filter-displacement-6.3.2.tgz#485fec26ab799dd6003839aa91839a4f28463b52"
  integrity sha512-Bda8jY3lVBwlG1GZadYPGXQPO7O+nTt64/KTXQgLtaKB+xj6Me5L7l9IDWtkHEoUTtQK4yCsbkdqKgLKKmNFYg==

"@pixi/filter-fxaa@6.3.2":
  version "6.3.2"
  resolved "https://registry.yarnpkg.com/@pixi/filter-fxaa/-/filter-fxaa-6.3.2.tgz#feca76b507520fcb07b9a1c118bcfc0f876d5928"
  integrity sha512-C5Ga5MJlBFoZUa5oOZEsEEByPzpa+JTRVT7+qQ01g4khU1Mnk/p8JvNm6DYUqw9Y821OR80AmHm2O+r5MkLhcQ==

"@pixi/filter-noise@6.3.2":
  version "6.3.2"
  resolved "https://registry.yarnpkg.com/@pixi/filter-noise/-/filter-noise-6.3.2.tgz#d5e6843a3bf20680c1e28d9a58ca149a6edbf79f"
  integrity sha512-8lZdccDdlKTNktbD+8aeYfceayV6Rzq1P6NLpbvzFZbxH6JoaaNQb2TQgU+Vl/ZcssBB+IJ8MvJZbLuWKC4CmQ==

"@pixi/graphics@6.3.2":
  version "6.3.2"
  resolved "https://registry.yarnpkg.com/@pixi/graphics/-/graphics-6.3.2.tgz#9c513600c8ec6876b050da4eb2781b843ba519c8"
  integrity sha512-GaykoXJr0pV0e9TB1yOcgvJf9i/fIF/cgT+DnGz82uninWMo31aFJSvhLbZOcEPQRfdHXdFfUkQAAMTICAp7+Q==

"@pixi/interaction@6.3.2":
  version "6.3.2"
  resolved "https://registry.yarnpkg.com/@pixi/interaction/-/interaction-6.3.2.tgz#dd5b14fc946acd2d9587fd458cf14ff241d4f5e6"
  integrity sha512-HZyflufAW1B1cQmQBvzv4IxwcHbqQ0zhHiabSVtwPUHW/nCSpw09hL+k4HR/aFyCdRI/99JcvW5QJp1ldA6OBw==

"@pixi/loaders@6.3.2":
  version "6.3.2"
  resolved "https://registry.yarnpkg.com/@pixi/loaders/-/loaders-6.3.2.tgz#03093c0a12f6190ca3c0ff81f10db040210aafcf"
  integrity sha512-kkm1pynWTslQsh+h+Tw17MdeRMQ37Ht72xiZetyWbxadRAnzj+x1I9juEKEFK62mw8K/bGBcNPhu7edgmQwkvw==

"@pixi/math@6.3.2":
  version "6.3.2"
  resolved "https://registry.yarnpkg.com/@pixi/math/-/math-6.3.2.tgz#e3db7500e43bc327b60e7a2056eaf53cdefda3e4"
  integrity sha512-REXrCKQaT2shJ3p2Rpq1ZYV4iUeAOUFKnLN2KteQWtB5HQpB8b+w5xBGI+TcnY0FUhx92fbKPYTTvCftNZF4Jw==

"@pixi/mesh-extras@6.3.2":
  version "6.3.2"
  resolved "https://registry.yarnpkg.com/@pixi/mesh-extras/-/mesh-extras-6.3.2.tgz#12d797b514618e66ac1fa1839be69b55757a51a7"
  integrity sha512-lODKYkoHqynMK8QxE9ttZ1D+3LnHFG13YL4Yf1W9MGgy1N9G0E5DNB8/Z1BApbRxnRPRg8fsoP2bk5Bn9boWyw==

"@pixi/mesh@6.3.2":
  version "6.3.2"
  resolved "https://registry.yarnpkg.com/@pixi/mesh/-/mesh-6.3.2.tgz#7be4a2a1e52e00e2c45c836025b99e9c41a836c9"
  integrity sha512-zhfagRDGkJx+H4a+Im3wQbCeS0Av1FyHzvPeBXXQ7LP/giwTnvJhItlhGMwgFllNEAIB47An0ffFEe5CmTcyKw==

"@pixi/mixin-cache-as-bitmap@6.3.2":
  version "6.3.2"
  resolved "https://registry.yarnpkg.com/@pixi/mixin-cache-as-bitmap/-/mixin-cache-as-bitmap-6.3.2.tgz#ca60156c512b7b71ee585b40cbc0aa5ad27b2b08"
  integrity sha512-Obqnf3Y2JBOtdewkaGb2oa8SDw3+JZCaOB+x0+pBqDivXpwX2eibS4PaYuGVTIa9FdcrGm9SyLOQlL5irEeEqA==

"@pixi/mixin-get-child-by-name@6.3.2":
  version "6.3.2"
  resolved "https://registry.yarnpkg.com/@pixi/mixin-get-child-by-name/-/mixin-get-child-by-name-6.3.2.tgz#7aa5e62c85f0a63b0379ab311a4ee1e21f5d4a8b"
  integrity sha512-R6RJzd1aQ5up5N7uO0boOp99gkSZVEbYKofJNRn1pFdzOmuVCgSqERAv9pQnjp5bBD8JvcKN+PYHPn+k+nTprQ==

"@pixi/mixin-get-global-position@6.3.2":
  version "6.3.2"
  resolved "https://registry.yarnpkg.com/@pixi/mixin-get-global-position/-/mixin-get-global-position-6.3.2.tgz#3ba0d9650da4ec6c1ec781a7e858c15bf8c18cbd"
  integrity sha512-R7F1sH68fiIvB723doEzE0+k8OfhM5N0H+Ncp8iwLwXxfUDSHVj40nIngMtdK4bLSk29TTczOeXOzXkOAEVXhA==

"@pixi/particle-container@6.3.2":
  version "6.3.2"
  resolved "https://registry.yarnpkg.com/@pixi/particle-container/-/particle-container-6.3.2.tgz#e78e1df599f913c6796cc649bbfe6670781850d9"
  integrity sha512-iEHtE2AWQ0NZxv57VzfsBbEEp5WXAt91+l2lNvXf1SbzEm/bqjE56Q5bftx9tl3MJlDmOEfPzzKSwIUcZT+T6w==

"@pixi/polyfill@6.3.2":
  version "6.3.2"
  resolved "https://registry.yarnpkg.com/@pixi/polyfill/-/polyfill-6.3.2.tgz#efc1e35fde70500ae13469722a9b3d839cda2ffc"
  integrity sha512-LTKqL/de7TrBoJNh9netkQofwGBIO3NwwQbqBmP6rHXeaHBx9904Pkuf7GJspIFY09TOo5fnctYnJ1F7LfTljg==
  dependencies:
    object-assign "^4.1.1"
    promise-polyfill "^8.2.0"

"@pixi/prepare@6.3.2":
  version "6.3.2"
  resolved "https://registry.yarnpkg.com/@pixi/prepare/-/prepare-6.3.2.tgz#e854959bf1261e5482f576f5f5c0aef4db91eb7b"
  integrity sha512-HFV0jUgr5arNBlgctTRqMCgG42vq48J9QLBCZMCRObJQC5325nEXC1toeEekdzqNcGu5bO8/GKeb6+Km2XK2qA==

"@pixi/runner@6.3.2":
  version "6.3.2"
  resolved "https://registry.yarnpkg.com/@pixi/runner/-/runner-6.3.2.tgz#0e39bd80d2156188405f8cc24f9ba976710c833a"
  integrity sha512-Sspv4VTiV51GwoIg+WudHZHpT3ad5ukW20OLOR+eDOSLbgQEMfj4cTVRg27TvM/QZ/5LxeN3FqwWV+kiWpqCnw==

"@pixi/settings@6.3.2":
  version "6.3.2"
  resolved "https://registry.yarnpkg.com/@pixi/settings/-/settings-6.3.2.tgz#962fe088e745f53f4051928e06b802a843180664"
  integrity sha512-i5cLDUWFnRub3LPa3x7IzkH8MjSwPHyHWzIZKG5t8RiCfbhVfhWGEdKO9AYp8yO/xcf7AqtPK4mikXziL48tXA==
  dependencies:
    ismobilejs "^1.1.0"

"@pixi/sound@^4.2.0":
  version "4.2.0"
  resolved "https://registry.yarnpkg.com/@pixi/sound/-/sound-4.2.0.tgz#fbf3786e099caafd5d888b29401109f387eaf984"
  integrity sha512-l7pbmLQa5soahfssyJjs/nkXMND8QwxqB3dA/zGr+87sVebOqohbJ5dLleBUWdPsAV+VeaQHi/4ohZR8fRt3og==

"@pixi/sprite-animated@6.3.2":
  version "6.3.2"
  resolved "https://registry.yarnpkg.com/@pixi/sprite-animated/-/sprite-animated-6.3.2.tgz#ab96cf991abfc19004e3835638beec6b404ce0e6"
  integrity sha512-fSY64i5BqbOmtFKhgOWf9iML4gId7l5hcniUT/s95+eIZiyYss+jxeekVH22DrAyCOAIdsLEClvGCHGj8iXTFw==

"@pixi/sprite-tiling@6.3.2":
  version "6.3.2"
  resolved "https://registry.yarnpkg.com/@pixi/sprite-tiling/-/sprite-tiling-6.3.2.tgz#f24291e78f82fbdb822e44cac096541b6fb14b42"
  integrity sha512-13zsz0xyxMvobEaSXQghSD44+MpSwpbQJYjPVPb7ItqETqQBaZgHpC5uF6vxFR6Hou8Ca8laxRuwgpn3lA095g==

"@pixi/sprite@6.3.2":
  version "6.3.2"
  resolved "https://registry.yarnpkg.com/@pixi/sprite/-/sprite-6.3.2.tgz#d689626a0f1d6a7baff4a23d2d13dd74a209b42f"
  integrity sha512-T1KJ8l2f8Otn6Se6h4b2pz2nrUSe59Pnmj2WIzgBisM245h7dGATs05MisMaLV6Lg/3gTBTxsLBmKsbDSQqbNw==

"@pixi/spritesheet@6.3.2":
  version "6.3.2"
  resolved "https://registry.yarnpkg.com/@pixi/spritesheet/-/spritesheet-6.3.2.tgz#9a4d8a6b2f482036dc60db741672a87785a35d7f"
  integrity sha512-OCi2BUqcBbh2vvbrnLLBOwxFZMQS+rvjW3udBUNbbqUL+NHy74w8N5Ed8pcxXpdfHbApGG6TVJprCGahtmEfJw==

"@pixi/text-bitmap@6.3.2":
  version "6.3.2"
  resolved "https://registry.yarnpkg.com/@pixi/text-bitmap/-/text-bitmap-6.3.2.tgz#234320ab97c13f25d3d272e4c52cd7b6347ca602"
  integrity sha512-jvMeIxoAGDlSn5rHimISI9F6fTk8D+GXG0YQraRT9oXb1Ugy/bFJph3XOTe46s4oZ5R5QeCLQmo6k7TUIvbSkA==

"@pixi/text@6.3.2":
  version "6.3.2"
  resolved "https://registry.yarnpkg.com/@pixi/text/-/text-6.3.2.tgz#e0eb0eeda4354fe88c3e466a00b8335e4e5569b1"
  integrity sha512-YiPnUBmgZ0WzF0+XMm07iRg0jOyPbIjGmXJ+1srU5L9c3cCzvtg5QuYL0lPHS0Z6gyxhj/6ncePhBGO87RIKnA==

"@pixi/ticker@6.3.2":
  version "6.3.2"
  resolved "https://registry.yarnpkg.com/@pixi/ticker/-/ticker-6.3.2.tgz#b616d913f1bd26ac474442ed1979d50697ede18b"
  integrity sha512-Au9IO85zCOOCz50aJALFxJ2C8gbgxvD0dSNm7A5FauanJbxDcctIyrW6I51nNyHyeLIUFEkuD2jE/DmcXsXnpw==

"@pixi/utils@6.3.2":
  version "6.3.2"
  resolved "https://registry.yarnpkg.com/@pixi/utils/-/utils-6.3.2.tgz#abe16466da3d11aa8097639fed1d85aa237cca37"
  integrity sha512-VpB403kfqwXK9w7Qb6ex0aW0g6pWI/t43F2Z8CA/lAfYcN3O0XoxDucvmkLTQWsMtYn+Yf7YhAcLV5SemKwP0A==
  dependencies:
    "@types/earcut" "^2.1.0"
    earcut "^2.2.2"
    eventemitter3 "^3.1.0"
    url "^0.11.0"

"@types/earcut@^2.1.0":
  version "2.1.1"
  resolved "https://registry.yarnpkg.com/@types/earcut/-/earcut-2.1.1.tgz#573a0af609f17005c751f6f4ffec49cfe358ea51"
  integrity sha512-w8oigUCDjElRHRRrMvn/spybSMyX8MTkKA5Dv+tS1IE/TgmNZPqUYtvYBXGY8cieSE66gm+szeK+bnbxC2xHTQ==

"@types/node@^17.0.35":
  version "17.0.36"
  resolved "https://registry.yarnpkg.com/@types/node/-/node-17.0.36.tgz#c0d5f2fe76b47b63e0e0efc3d2049a9970d68794"
  integrity sha512-V3orv+ggDsWVHP99K3JlwtH20R7J4IhI1Kksgc+64q5VxgfRkQG8Ws3MFm/FZOKDYGy9feGFlZ70/HpCNe9QaA==

"@types/offscreencanvas@^2019.6.4":
  version "2019.7.0"
  resolved "https://registry.yarnpkg.com/@types/offscreencanvas/-/offscreencanvas-2019.7.0.tgz#e4a932069db47bb3eabeb0b305502d01586fa90d"
  integrity sha512-PGcyveRIpL1XIqK8eBsmRBt76eFgtzuPiSTyKHZxnGemp2yzGzWpjYKAfK3wIMiU7eH+851yEpiuP8JZerTmWg==

adaptive-scale@^1.0.0:
  version "1.0.0"
  resolved "https://registry.yarnpkg.com/adaptive-scale/-/adaptive-scale-1.0.0.tgz#cf90fa7b3ac21caf141b15a418c9abf35630f443"
  integrity sha512-CWbR51cgG5ChPKyI7Oe/wQFglX/l8w9ec36wCP5Ubbu4E1yW1SFsXy14MYwA5pHYACw+h/zDBrUulTP2VUcrmg==

bezier-easing@^2.1.0:
  version "2.1.0"
  resolved "https://registry.yarnpkg.com/bezier-easing/-/bezier-easing-2.1.0.tgz#c04dfe8b926d6ecaca1813d69ff179b7c2025d86"
  integrity sha512-gbIqZ/eslnUFC1tjEvtz0sgx+xTK20wDnYMIA27VA04R7w6xxXQPZDbibjA9DTWZRA2CXtwHykkVzlCaAJAZig==

core-util-is@~1.0.0:
  version "1.0.3"
  resolved "https://registry.yarnpkg.com/core-util-is/-/core-util-is-1.0.3.tgz#a6042d3634c2b27e9328f837b965fac83808db85"
  integrity sha512-ZQBvi1DcpJ4GDqanjucZ2Hj3wEO5pZDS89BWbkcrvdxksJorwUDDZamX9ldFkp9aw2lmBDLgkObEA4DWNJ9FYQ==

earcut@^2.2.2:
  version "2.2.3"
  resolved "https://registry.yarnpkg.com/earcut/-/earcut-2.2.3.tgz#d44ced2ff5a18859568e327dd9c7d46b16f55cf4"
  integrity sha512-iRDI1QeCQIhMCZk48DRDMVgQSSBDmbzzNhnxIo+pwx3swkfjMh6vh0nWLq1NdvGHLKH6wIrAM3vQWeTj6qeoug==

esbuild-android-64@0.14.41:
  version "0.14.41"
  resolved "https://registry.yarnpkg.com/esbuild-android-64/-/esbuild-android-64-0.14.41.tgz#34de1b983a81b22207db6faf937a600f15c5ca9b"
  integrity sha512-byyo8LPOGHzAqxbwh2Q72d7L+rXXTsr/KALjsiCySrJ60CGMe80i3bwoQ+WODxsGaH08R//yg5oc7xHKgQz4uw==

esbuild-android-arm64@0.14.41:
  version "0.14.41"
  resolved "https://registry.yarnpkg.com/esbuild-android-arm64/-/esbuild-android-arm64-0.14.41.tgz#42ff3d409d4962342a67aef3d2caa9be502e3def"
  integrity sha512-7koo9Dm/mwK4M8PGQX8JQRc4UQ4Wj7DT1nD4BQkVs2jxtHbYOlnsQH0fneKSXZVmnBIHYcntr/e1VU5gnYLvGQ==

esbuild-darwin-64@0.14.41:
  version "0.14.41"
  resolved "https://registry.yarnpkg.com/esbuild-darwin-64/-/esbuild-darwin-64-0.14.41.tgz#73d8789b59c6086cfeba9aa59f60cb12cfbe4439"
  integrity sha512-kW8fC2auh9jjmBXudTmlMfbBCMYMuujhxG40CxMhKiQ8NLBK4RU9yUYY6ss7QJp24kVTtKd4IvfwOio9SE53MA==

esbuild-darwin-arm64@0.14.41:
  version "0.14.41"
  resolved "https://registry.yarnpkg.com/esbuild-darwin-arm64/-/esbuild-darwin-arm64-0.14.41.tgz#faf5eecd8e8a170aea741f0f0896e73f5b0e0716"
  integrity sha512-cO0EPkiQt0bERH9sZFIoTywWfGhEpshdpvQpDfLh/ZJLeioQfaarM9YDrmID+f7k77djh0mdyfsC6XpS0HlLsw==

esbuild-freebsd-64@0.14.41:
  version "0.14.41"
  resolved "https://registry.yarnpkg.com/esbuild-freebsd-64/-/esbuild-freebsd-64-0.14.41.tgz#b44923dfdf84bb3ec3a84739817ea08e4b50c0fb"
  integrity sha512-6tsMDK6b7czCOjsr68BgVogFXcTCWL3T7yFXRFuAmXwY9ybYgX8sybD7ztrRB03dLAPeMxHo+PzeMD6LdVrLdQ==

esbuild-freebsd-arm64@0.14.41:
  version "0.14.41"
  resolved "https://registry.yarnpkg.com/esbuild-freebsd-arm64/-/esbuild-freebsd-arm64-0.14.41.tgz#91dac0d5d5a3f9dc4a422628556bd64c98d62c1e"
  integrity sha512-AQ2S/VCLKVBe/+HNiFLyp3w9i7AEtCOWEzKHSkfHk0VO5bPzHd7WJfWmj1Bxliu7vdPESbiDUTJIH3rDt4bzSA==

esbuild-linux-32@0.14.41:
  version "0.14.41"
  resolved "https://registry.yarnpkg.com/esbuild-linux-32/-/esbuild-linux-32-0.14.41.tgz#6342094df325df46ad7a3d920af7af04c1a495a9"
  integrity sha512-sb7Kah5Px6BNZ6gzm0nJLuDeAJKbIlaKIoI9zgZ5dFDxZSn91TMAHJz5W39YDJ8+ZaGJYIdqZSpDo+4G769mZw==

esbuild-linux-64@0.14.41:
  version "0.14.41"
  resolved "https://registry.yarnpkg.com/esbuild-linux-64/-/esbuild-linux-64-0.14.41.tgz#e7e193c229aa3988202adb92b8567ae504767b8e"
  integrity sha512-PeI0bfbv+5ondZRhPRszptp3RQRRAPxpOB2CYDphKske5+UlCXPi4Af+T++OqhV5TEpymTfxJdJQ1sn1w32coA==

esbuild-linux-arm64@0.14.41:
  version "0.14.41"
  resolved "https://registry.yarnpkg.com/esbuild-linux-arm64/-/esbuild-linux-arm64-0.14.41.tgz#ca3d83b2a8ae1f160c05bdc08daa88f54279506c"
  integrity sha512-aAhBX6kVG8hTVuANE90ORobioHdpZLzy8Fibf4XBuG4IuJfjgM5N4wFIq2Tpd+Ykit432PL/YOQhZ4W6nVc4cQ==

esbuild-linux-arm@0.14.41:
  version "0.14.41"
  resolved "https://registry.yarnpkg.com/esbuild-linux-arm/-/esbuild-linux-arm-0.14.41.tgz#6f9b5ca9cbdb33b4751b658f7d64c0e907b64685"
  integrity sha512-8DQ6Sv3XNwgu0cnPA3q+kJSqfOYLDqWzpW8dPF+/Or23bS/5EIT/CzN73uIhR8A3AokXIczn88VKti7Xtv+V2g==

esbuild-linux-mips64le@0.14.41:
  version "0.14.41"
  resolved "https://registry.yarnpkg.com/esbuild-linux-mips64le/-/esbuild-linux-mips64le-0.14.41.tgz#e21b8dc51d6d3d78e4e3de0ccae20a6b0aae28a1"
  integrity sha512-88xo4FRYQ2laMJnrqZu8j5q531XT/odZnhO5NLWO/NdweIdT8F+QL0fNIBIf+nVkC1d0Psgmt+g35GAODMDl8g==

esbuild-linux-ppc64le@0.14.41:
  version "0.14.41"
  resolved "https://registry.yarnpkg.com/esbuild-linux-ppc64le/-/esbuild-linux-ppc64le-0.14.41.tgz#bd70331c3df64ed3c74947d8ec5354a7cb11abae"
  integrity sha512-kJ0r/Cg3LzFzHhbBsvqi/hDPGKMGzFiPGOmUvqTkfVXhRUQtOMkXkyKdP7OEMRb8ctPtnptsZOOXPHRdU0NdJQ==

esbuild-linux-riscv64@0.14.41:
  version "0.14.41"
  resolved "https://registry.yarnpkg.com/esbuild-linux-riscv64/-/esbuild-linux-riscv64-0.14.41.tgz#2272aff043bf1fe7b397df25698c8f79605b9b71"
  integrity sha512-ZJ7d/qFRx14J3aP75ccrFSZyuYZ1hu8IVfwVqyQg4jQFgNME2FMz7pZMskBJ0fSW8QcYUnN3RubFXWijyjKUug==

esbuild-linux-s390x@0.14.41:
  version "0.14.41"
  resolved "https://registry.yarnpkg.com/esbuild-linux-s390x/-/esbuild-linux-s390x-0.14.41.tgz#01916946a31c1aeb2de5b1b4f21432843fb88f91"
  integrity sha512-xeWAEZt1jAfYkYuyIUuHKpH/oj7O862Je5HTH9E+4sEfoOnZaAmFrisbXjGDKXjMRKYscFlM8wXdNBmiqQlT8g==

esbuild-netbsd-64@0.14.41:
  version "0.14.41"
  resolved "https://registry.yarnpkg.com/esbuild-netbsd-64/-/esbuild-netbsd-64-0.14.41.tgz#0a9d3e5c73d362f91178ad21a7e020d246a039e7"
  integrity sha512-X/UE3Asqy594/atYi/STgYtaMQBJwtZKF0KFFdJTkwb6rtaoHCM1o482iHibgnSK7CicuRhyTZ+cNx4OFqRQAg==

esbuild-openbsd-64@0.14.41:
  version "0.14.41"
  resolved "https://registry.yarnpkg.com/esbuild-openbsd-64/-/esbuild-openbsd-64-0.14.41.tgz#32c0ec0678a206b0e75340f3a3303f38cb5b3408"
  integrity sha512-6m+1dtdO+4KaU3R0UTT82hxWxWpFCjgSHhQl/PKtMmq+CvvxRQDcTwujLC843M7ChGVWNM2q1s6YCwoA0WQ9kw==

esbuild-sunos-64@0.14.41:
  version "0.14.41"
  resolved "https://registry.yarnpkg.com/esbuild-sunos-64/-/esbuild-sunos-64-0.14.41.tgz#2f6f26fbc88778382d61145d2d6ec1c6ad5d47c2"
  integrity sha512-p96tTTcE8/WY7A4Udh+fxVUTGL8rIXOpyxyhZiXug+f7DGbjE24PbewqgIBRSDyM7xRUty+1RzqyJz73YIV6yg==

esbuild-windows-32@0.14.41:
  version "0.14.41"
  resolved "https://registry.yarnpkg.com/esbuild-windows-32/-/esbuild-windows-32-0.14.41.tgz#0e7a64b739045596a83ecd9cb0af8c0d85e4d5ed"
  integrity sha512-jS+/pGyPPzrL8tgcvOxLEatV1QPICghKm13EjEVgkeRftl8X6tqRyFv/9eKutczdD3sklMDOJfivoPD32D46Ww==

esbuild-windows-64@0.14.41:
  version "0.14.41"
  resolved "https://registry.yarnpkg.com/esbuild-windows-64/-/esbuild-windows-64-0.14.41.tgz#14886c72949e8630160d2277e21fae59778c2b62"
  integrity sha512-vLqmKbV8FJ7LFMrT3zEQpojnUUbXyqhRPVGnAYzc0ESY5yAuom4E9tL7KzZ5H8KEuCUf//AvbyxpE+yOcjpyjA==

esbuild-windows-arm64@0.14.41:
  version "0.14.41"
  resolved "https://registry.yarnpkg.com/esbuild-windows-arm64/-/esbuild-windows-arm64-0.14.41.tgz#ad425b8a9fe29bd38b3028af387b5e923e4c54e1"
  integrity sha512-TOvj7kRTfpH4GPPmblvuMNf8oNJ3y2h7a6HttanVnc3QLMm5bNFYLSo6TShLOn0SbqFWGJwHIhGhw2JK96aVhg==

esbuild@^0.14.27:
  version "0.14.41"
  resolved "https://registry.yarnpkg.com/esbuild/-/esbuild-0.14.41.tgz#8e20be02a2efc813b87253e7b197beecced74f7d"
  integrity sha512-uZl2CH5nwayLPi1Unhfk+vBBjD3FDlYQ+v24qAlj2oZMYQP8pFs1k3DK5ViD+keF3JnuV4K7JtqVvBmTDwVEbA==
  optionalDependencies:
    esbuild-android-64 "0.14.41"
    esbuild-android-arm64 "0.14.41"
    esbuild-darwin-64 "0.14.41"
    esbuild-darwin-arm64 "0.14.41"
    esbuild-freebsd-64 "0.14.41"
    esbuild-freebsd-arm64 "0.14.41"
    esbuild-linux-32 "0.14.41"
    esbuild-linux-64 "0.14.41"
    esbuild-linux-arm "0.14.41"
    esbuild-linux-arm64 "0.14.41"
    esbuild-linux-mips64le "0.14.41"
    esbuild-linux-ppc64le "0.14.41"
    esbuild-linux-riscv64 "0.14.41"
    esbuild-linux-s390x "0.14.41"
    esbuild-netbsd-64 "0.14.41"
    esbuild-openbsd-64 "0.14.41"
    esbuild-sunos-64 "0.14.41"
    esbuild-windows-32 "0.14.41"
    esbuild-windows-64 "0.14.41"
    esbuild-windows-arm64 "0.14.41"

eventemitter3@^3.1.0:
  version "3.1.2"
  resolved "https://registry.yarnpkg.com/eventemitter3/-/eventemitter3-3.1.2.tgz#2d3d48f9c346698fce83a85d7d664e98535df6e7"
  integrity sha512-tvtQIeLVHjDkJYnzf2dgVMxfuSGJeM/7UCG17TT4EumTfNtF+0nebF/4zWOIkCreAbtNqhGEboB6BWrwqNaw4Q==

fsevents@~2.3.2:
  version "2.3.2"
  resolved "https://registry.yarnpkg.com/fsevents/-/fsevents-2.3.2.tgz#8a526f78b8fdf4623b709e0b975c52c24c02fd1a"
  integrity sha512-xiqMQR4xAeHTuB9uWm+fFRcIOgKBMiOBP+eXiyT7jsgVCq1bkVygt00oASowB7EdtpOHaaPgKt812P9ab+DDKA==

function-bind@^1.1.1:
  version "1.1.1"
  resolved "https://registry.yarnpkg.com/function-bind/-/function-bind-1.1.1.tgz#a56899d3ea3c9bab874bb9773b7c5ede92f4895d"
  integrity sha512-yIovAzMX49sF8Yl58fSCWJ5svSLuaibPxXQJFLmBObTuCr0Mf1KiPopGM9NiFjiYBCbfaa2Fh6breQ6ANVTI0A==

has@^1.0.3:
  version "1.0.3"
  resolved "https://registry.yarnpkg.com/has/-/has-1.0.3.tgz#722d7cbfc1f6aa8241f16dd814e011e1f41e8796"
  integrity sha512-f2dvO0VU6Oej7RkWJGrehjbzMAjFp5/VKPp5tTpWIV4JHHZK1/BxbFRtf/siA2SWTe09caDmVtYYzWEIbBS4zw==
  dependencies:
    function-bind "^1.1.1"

immediate@~3.0.5:
  version "3.0.6"
  resolved "https://registry.yarnpkg.com/immediate/-/immediate-3.0.6.tgz#9db1dbd0faf8de6fbe0f5dd5e56bb606280de69b"
  integrity sha1-nbHb0Pr43m++D13V5Wu2BigN5ps=

inherits@~2.0.3:
  version "2.0.4"
  resolved "https://registry.yarnpkg.com/inherits/-/inherits-2.0.4.tgz#0fa2c64f932917c3433a0ded55363aae37416b7c"
  integrity sha512-k/vGaX4/Yla3WzyMCvTQOXYeIHvqOKtnqBduzTHpzpQZzAskKMhZ2K+EnBiSM9zGSoIFeMpXKxa4dYeZIQqewQ==

is-core-module@^2.8.1:
  version "2.9.0"
  resolved "https://registry.yarnpkg.com/is-core-module/-/is-core-module-2.9.0.tgz#e1c34429cd51c6dd9e09e0799e396e27b19a9c69"
  integrity sha512-+5FPy5PnwmO3lvfMb0AsoPaBG+5KHUI0wYFXOtYPnVVVspTFUuMZNfNaNVRt3FZadstu2c8x23vykRW/NBoU6A==
  dependencies:
    has "^1.0.3"

isarray@~1.0.0:
  version "1.0.0"
  resolved "https://registry.yarnpkg.com/isarray/-/isarray-1.0.0.tgz#bb935d48582cba168c06834957a54a3e07124f11"
  integrity sha1-u5NdSFgsuhaMBoNJV6VKPgcSTxE=

ismobilejs@^1.1.0:
  version "1.1.1"
  resolved "https://registry.yarnpkg.com/ismobilejs/-/ismobilejs-1.1.1.tgz#c56ca0ae8e52b24ca0f22ba5ef3215a2ddbbaa0e"
  integrity sha512-VaFW53yt8QO61k2WJui0dHf4SlL8lxBofUuUmwBo0ljPk0Drz2TiuDW4jo3wDcv41qy/SxrJ+VAzJ/qYqsmzRw==

jszip@^3.10.0:
  version "3.10.0"
  resolved "https://registry.yarnpkg.com/jszip/-/jszip-3.10.0.tgz#faf3db2b4b8515425e34effcdbb086750a346061"
  integrity sha512-LDfVtOLtOxb9RXkYOwPyNBTQDL4eUbqahtoY6x07GiDJHwSYvn8sHHIw8wINImV3MqbMNve2gSuM1DDqEKk09Q==
  dependencies:
    lie "~3.3.0"
    pako "~1.0.2"
    readable-stream "~2.3.6"
    setimmediate "^1.0.5"

lie@~3.3.0:
  version "3.3.0"
  resolved "https://registry.yarnpkg.com/lie/-/lie-3.3.0.tgz#dcf82dee545f46074daf200c7c1c5a08e0f40f6a"
  integrity sha512-UaiMJzeWRlEujzAuw5LokY1L5ecNQYZKfmyZ9L7wDHb/p5etKaxXhohBcrw0EYby+G/NA52vRSN4N39dxHAIwQ==
  dependencies:
    immediate "~3.0.5"

nanoid@^3.3.4:
  version "3.3.4"
  resolved "https://registry.yarnpkg.com/nanoid/-/nanoid-3.3.4.tgz#730b67e3cd09e2deacf03c027c81c9d9dbc5e8ab"
  integrity sha512-MqBkQh/OHTS2egovRtLk45wEyNXwF+cokD+1YPf9u5VfJiRdAiRwB2froX5Co9Rh20xs4siNPm8naNotSD6RBw==

object-assign@^4.1.1:
  version "4.1.1"
  resolved "https://registry.yarnpkg.com/object-assign/-/object-assign-4.1.1.tgz#2109adc7965887cfc05cbbd442cac8bfbb360863"
  integrity sha1-IQmtx5ZYh8/AXLvUQsrIv7s2CGM=

osu-classes@^0.7.0, osu-classes@^0.7.1:
  version "0.7.1"
  resolved "https://registry.yarnpkg.com/osu-classes/-/osu-classes-0.7.1.tgz#980b48d5e0373784ca34df4fb4363101f6002b22"
  integrity sha512-36ICt5E/05HNmBZQha3muXGK1DXNoJtu5v9EzV0yh3plXLwl6s14u1Esclvz9Uu5WSS12XK8Mca123b9+ckSDQ==

osu-parsers-web@^3.0.0:
  version "3.0.0"
  resolved "https://registry.yarnpkg.com/osu-parsers-web/-/osu-parsers-web-3.0.0.tgz#b0bdbf927af02b0ddc10d923bf967f915311ca69"
  integrity sha512-mHR3B+bRXvgQLUIjx1AQrv8L3E+X4eFs3NJIqVMfdqNdC/ybybakdro9ZqKE0uhgM6iAMSxRWFLPodzQBxSBfA==
  dependencies:
    osu-classes "^0.7.0"

pako@~1.0.2:
  version "1.0.11"
  resolved "https://registry.yarnpkg.com/pako/-/pako-1.0.11.tgz#6c9599d340d54dfd3946380252a35705a6b992bf"
  integrity sha512-4hLB8Py4zZce5s4yd9XzopqwVv/yGNhV1Bl8NTmCq1763HeK2+EwVTv+leGeL13Dnh2wfbqowVPXCIO0z4taYw==

path-parse@^1.0.7:
  version "1.0.7"
  resolved "https://registry.yarnpkg.com/path-parse/-/path-parse-1.0.7.tgz#fbc114b60ca42b30d9daf5858e4bd68bbedb6735"
  integrity sha512-LDJzPVEEEPR+y48z93A0Ed0yXb8pAByGWo/k5YYdYgpY2/2EsOsksJrq7lOHxryrVOn1ejG6oAp8ahvOIQD8sw==

picocolors@^1.0.0:
  version "1.0.0"
  resolved "https://registry.yarnpkg.com/picocolors/-/picocolors-1.0.0.tgz#cb5bdc74ff3f51892236eaf79d68bc44564ab81c"
  integrity sha512-1fygroTLlHu66zi26VoTDv8yRgm0Fccecssto+MhsZ0D/DGW2sm8E8AjW7NU5VVTRt5GxbeZ5qBuJr+HyLYkjQ==

pixi.js@^6.3.2:
  version "6.3.2"
  resolved "https://registry.yarnpkg.com/pixi.js/-/pixi.js-6.3.2.tgz#57ba553500e37843dc24f37f0e4b4f4678a8e386"
  integrity sha512-XEF59IQRouXCkTSCwNrNvr08/FY3Dai4lwNdrgh5SLeS4Hmn+lNURq2auM+4lYPfsXtQdpZNdJ5iYrFwP41JvA==
  dependencies:
    "@pixi/accessibility" "6.3.2"
    "@pixi/app" "6.3.2"
    "@pixi/compressed-textures" "6.3.2"
    "@pixi/constants" "6.3.2"
    "@pixi/core" "6.3.2"
    "@pixi/display" "6.3.2"
    "@pixi/extract" "6.3.2"
    "@pixi/filter-alpha" "6.3.2"
    "@pixi/filter-blur" "6.3.2"
    "@pixi/filter-color-matrix" "6.3.2"
    "@pixi/filter-displacement" "6.3.2"
    "@pixi/filter-fxaa" "6.3.2"
    "@pixi/filter-noise" "6.3.2"
    "@pixi/graphics" "6.3.2"
    "@pixi/interaction" "6.3.2"
    "@pixi/loaders" "6.3.2"
    "@pixi/math" "6.3.2"
    "@pixi/mesh" "6.3.2"
    "@pixi/mesh-extras" "6.3.2"
    "@pixi/mixin-cache-as-bitmap" "6.3.2"
    "@pixi/mixin-get-child-by-name" "6.3.2"
    "@pixi/mixin-get-global-position" "6.3.2"
    "@pixi/particle-container" "6.3.2"
    "@pixi/polyfill" "6.3.2"
    "@pixi/prepare" "6.3.2"
    "@pixi/runner" "6.3.2"
    "@pixi/settings" "6.3.2"
    "@pixi/sprite" "6.3.2"
    "@pixi/sprite-animated" "6.3.2"
    "@pixi/sprite-tiling" "6.3.2"
    "@pixi/spritesheet" "6.3.2"
    "@pixi/text" "6.3.2"
    "@pixi/text-bitmap" "6.3.2"
    "@pixi/ticker" "6.3.2"
    "@pixi/utils" "6.3.2"

postcss@^8.4.13:
  version "8.4.14"
  resolved "https://registry.yarnpkg.com/postcss/-/postcss-8.4.14.tgz#ee9274d5622b4858c1007a74d76e42e56fd21caf"
  integrity sha512-E398TUmfAYFPBSdzgeieK2Y1+1cpdxJx8yXbK/m57nRhKSmk1GB2tO4lbLBtlkfPQTDKfe4Xqv1ASWPpayPEig==
  dependencies:
    nanoid "^3.3.4"
    picocolors "^1.0.0"
    source-map-js "^1.0.2"

process-nextick-args@~2.0.0:
  version "2.0.1"
  resolved "https://registry.yarnpkg.com/process-nextick-args/-/process-nextick-args-2.0.1.tgz#7820d9b16120cc55ca9ae7792680ae7dba6d7fe2"
  integrity sha512-3ouUOpQhtgrbOa17J7+uxOTpITYWaGP7/AhoR3+A+/1e9skrzelGi/dXzEYyvbxubEF6Wn2ypscTKiKJFFn1ag==

promise-polyfill@^8.2.0:
  version "8.2.3"
  resolved "https://registry.yarnpkg.com/promise-polyfill/-/promise-polyfill-8.2.3.tgz#2edc7e4b81aff781c88a0d577e5fe9da822107c6"
  integrity sha512-Og0+jCRQetV84U8wVjMNccfGCnMQ9mGs9Hv78QFe+pSDD3gWTpz0y+1QCuxy5d/vBFuZ3iwP2eycAkvqIMPmWg==

punycode@1.3.2:
  version "1.3.2"
  resolved "https://registry.yarnpkg.com/punycode/-/punycode-1.3.2.tgz#9653a036fb7c1ee42342f2325cceefea3926c48d"
  integrity sha1-llOgNvt8HuQjQvIyXM7v6jkmxI0=

querystring@0.2.0:
  version "0.2.0"
  resolved "https://registry.yarnpkg.com/querystring/-/querystring-0.2.0.tgz#b209849203bb25df820da756e747005878521620"
  integrity sha1-sgmEkgO7Jd+CDadW50cAWHhSFiA=

readable-stream@~2.3.6:
  version "2.3.7"
  resolved "https://registry.yarnpkg.com/readable-stream/-/readable-stream-2.3.7.tgz#1eca1cf711aef814c04f62252a36a62f6cb23b57"
  integrity sha512-Ebho8K4jIbHAxnuxi7o42OrZgF/ZTNcsZj6nRKyUmkhLFq8CHItp/fy6hQZuZmP/n3yZ9VBUbp4zz/mX8hmYPw==
  dependencies:
    core-util-is "~1.0.0"
    inherits "~2.0.3"
    isarray "~1.0.0"
    process-nextick-args "~2.0.0"
    safe-buffer "~5.1.1"
    string_decoder "~1.1.1"
    util-deprecate "~1.0.1"

resolve@^1.22.0:
  version "1.22.0"
  resolved "https://registry.yarnpkg.com/resolve/-/resolve-1.22.0.tgz#5e0b8c67c15df57a89bdbabe603a002f21731198"
  integrity sha512-Hhtrw0nLeSrFQ7phPp4OOcVjLPIeMnRlr5mcnVuMe7M/7eBn98A3hmFRLoFo3DLZkivSYwhRUJTyPyWAk56WLw==
  dependencies:
    is-core-module "^2.8.1"
    path-parse "^1.0.7"
    supports-preserve-symlinks-flag "^1.0.0"

rollup@^2.59.0:
  version "2.75.1"
  resolved "https://registry.yarnpkg.com/rollup/-/rollup-2.75.1.tgz#9024223a8000f9ad936b8607c1bc7abcfcbdd1f1"
  integrity sha512-zD73rq3Fanr/spmiybMqmGEvOpryj/heLqOb+lubxiXlo8azeJ/z306T2dJYuzfWZPQBS0OT++GXG6Lbd4ToKw==
  optionalDependencies:
    fsevents "~2.3.2"

safe-buffer@~5.1.0, safe-buffer@~5.1.1:
  version "5.1.2"
  resolved "https://registry.yarnpkg.com/safe-buffer/-/safe-buffer-5.1.2.tgz#991ec69d296e0313747d59bdfd2b745c35f8828d"
  integrity sha512-Gd2UZBJDkXlY7GbJxfsE8/nvKkUEU1G38c1siN6QP6a9PT9MmHB8GnpscSmMJSoF8LOIrt8ud/wPtojys4G6+g==

setimmediate@^1.0.5:
  version "1.0.5"
  resolved "https://registry.yarnpkg.com/setimmediate/-/setimmediate-1.0.5.tgz#290cbb232e306942d7d7ea9b83732ab7856f8285"
  integrity sha1-KQy7Iy4waULX1+qbg3Mqt4VvgoU=

source-map-js@^1.0.2:
  version "1.0.2"
  resolved "https://registry.yarnpkg.com/source-map-js/-/source-map-js-1.0.2.tgz#adbc361d9c62df380125e7f161f71c826f1e490c"
  integrity sha512-R0XvVJ9WusLiqTCEiGCmICCMplcCkIwwR11mOSD9CR5u+IXYdiseeEuXCVAjS54zqwkLcPNnmU4OeJ6tUrWhDw==

spectorjs@^0.9.27:
  version "0.9.27"
  resolved "https://registry.yarnpkg.com/spectorjs/-/spectorjs-0.9.27.tgz#9b3893e90da124a9db1d9d1c5ab695bd0af0dcd5"
  integrity sha512-eujFAuFWdW9S5wT++ks2o1zShN5Vd8Zple2NB6oM5G5tXqNtGbk6Yg3mfCpL03Bbq0djqGJAeswYk0VfpuPfIQ==

string_decoder@~1.1.1:
  version "1.1.1"
  resolved "https://registry.yarnpkg.com/string_decoder/-/string_decoder-1.1.1.tgz#9cf1611ba62685d7030ae9e4ba34149c3af03fc8"
  integrity sha512-n/ShnvDi6FHbbVfviro+WojiFzv+s8MPMHBczVePfUpDJLwoLT0ht1l4YwBCbi8pJAveEEdnkHyPyTP/mzRfwg==
  dependencies:
    safe-buffer "~5.1.0"

supports-preserve-symlinks-flag@^1.0.0:
  version "1.0.0"
  resolved "https://registry.yarnpkg.com/supports-preserve-symlinks-flag/-/supports-preserve-symlinks-flag-1.0.0.tgz#6eda4bd344a3c94aea376d4cc31bc77311039e09"
  integrity sha512-ot0WnXS9fgdkgIcePe6RHNk1WA8+muPa6cSjeR3V8K27q9BB1rTE3R1p7Hv0z1ZyAc8s6Vvv8DIyWf681MAt0w==

typescript@^4.5.4:
  version "4.7.2"
  resolved "https://registry.yarnpkg.com/typescript/-/typescript-4.7.2.tgz#1f9aa2ceb9af87cca227813b4310fff0b51593c4"
  integrity sha512-Mamb1iX2FDUpcTRzltPxgWMKy3fhg0TN378ylbktPGPK/99KbDtMQ4W1hwgsbPAsG3a0xKa1vmw4VKZQbkvz5A==

url@^0.11.0:
  version "0.11.0"
  resolved "https://registry.yarnpkg.com/url/-/url-0.11.0.tgz#3838e97cfc60521eb73c525a8e55bfdd9e2e28f1"
  integrity sha1-ODjpfPxgUh63PFJajlW/3Z4uKPE=
  dependencies:
    punycode "1.3.2"
    querystring "0.2.0"

util-deprecate@~1.0.1:
  version "1.0.2"
  resolved "https://registry.yarnpkg.com/util-deprecate/-/util-deprecate-1.0.2.tgz#450d4dc9fa70de732762fbd2d4a28981419a0ccf"
  integrity sha1-RQ1Nyfpw3nMnYvvS1KKJgUGaDM8=

vite@^2.9.9:
  version "2.9.9"
  resolved "https://registry.yarnpkg.com/vite/-/vite-2.9.9.tgz#8b558987db5e60fedec2f4b003b73164cb081c5e"
  integrity sha512-ffaam+NgHfbEmfw/Vuh6BHKKlI/XIAhxE5QSS7gFLIngxg171mg1P3a4LSRME0z2ZU1ScxoKzphkipcYwSD5Ew==
  dependencies:
    esbuild "^0.14.27"
    postcss "^8.4.13"
    resolve "^1.22.0"
    rollup "^2.59.0"
  optionalDependencies:
    fsevents "~2.3.2"
